// !$*UTF8*$!
{
	archiveVersion = 1;
	classes = {
	};
	objectVersion = 46;
	objects = {

/* Begin PBXBuildFile section */
		520340011AB7157A005D69F3 /* MainViewController.m in Sources */ = {isa = PBXBuildFile; fileRef = 52033FFF1AB7157A005D69F3 /* MainViewController.m */; };
		520340111AB7DA10005D69F3 /* MainViewController.xib in Resources */ = {isa = PBXBuildFile; fileRef = 520340101AB7DA10005D69F3 /* MainViewController.xib */; };
		520340291ABAD799005D69F3 /* Default-568h@2x.png in Resources */ = {isa = PBXBuildFile; fileRef = 520340261ABAD799005D69F3 /* Default-568h@2x.png */; };
		5203402A1ABAD799005D69F3 /* Default.png in Resources */ = {isa = PBXBuildFile; fileRef = 520340271ABAD799005D69F3 /* Default.png */; };
		5203402B1ABAD799005D69F3 /* Default@2x.png in Resources */ = {isa = PBXBuildFile; fileRef = 520340281ABAD799005D69F3 /* Default@2x.png */; };
		52EEB9D71AB2E746004D732A /* main.m in Sources */ = {isa = PBXBuildFile; fileRef = 52EEB9D61AB2E746004D732A /* main.m */; };
		52EEB9DA1AB2E746004D732A /* AppDelegate.m in Sources */ = {isa = PBXBuildFile; fileRef = 52EEB9D91AB2E746004D732A /* AppDelegate.m */; };
		52EEB9E21AB2E746004D732A /* Images.xcassets in Resources */ = {isa = PBXBuildFile; fileRef = 52EEB9E11AB2E746004D732A /* Images.xcassets */; };
		52EEB9F11AB2E746004D732A /* iosTemplateTests.m in Sources */ = {isa = PBXBuildFile; fileRef = 52EEB9F01AB2E746004D732A /* iosTemplateTests.m */; };
		52EEB9FE1AB2E7AD004D732A /* GeneralViewController.m in Sources */ = {isa = PBXBuildFile; fileRef = 52EEB9FC1AB2E7AD004D732A /* GeneralViewController.m */; };
		52EEB9FF1AB2E7AD004D732A /* GeneralViewController.xib in Resources */ = {isa = PBXBuildFile; fileRef = 52EEB9FD1AB2E7AD004D732A /* GeneralViewController.xib */; };
		7B13FC7E27A029083B8CE9D6 /* libPods.a in Frameworks */ = {isa = PBXBuildFile; fileRef = 1904E761E455067EC2670D9F /* libPods.a */; };
/* End PBXBuildFile section */

/* Begin PBXContainerItemProxy section */
		52EEB9EB1AB2E746004D732A /* PBXContainerItemProxy */ = {
			isa = PBXContainerItemProxy;
			containerPortal = 52EEB9C91AB2E746004D732A /* Project object */;
			proxyType = 1;
			remoteGlobalIDString = 52EEB9D01AB2E746004D732A;
			remoteInfo = iosTemplate;
		};
/* End PBXContainerItemProxy section */

/* Begin PBXFileReference section */
		1904E761E455067EC2670D9F /* libPods.a */ = {isa = PBXFileReference; explicitFileType = archive.ar; includeInIndex = 0; path = libPods.a; sourceTree = BUILT_PRODUCTS_DIR; };
		52033FFE1AB7157A005D69F3 /* MainViewController.h */ = {isa = PBXFileReference; fileEncoding = 4; lastKnownFileType = sourcecode.c.h; path = MainViewController.h; sourceTree = "<group>"; };
		52033FFF1AB7157A005D69F3 /* MainViewController.m */ = {isa = PBXFileReference; fileEncoding = 4; lastKnownFileType = sourcecode.c.objc; path = MainViewController.m; sourceTree = "<group>"; };
		520340101AB7DA10005D69F3 /* MainViewController.xib */ = {isa = PBXFileReference; fileEncoding = 4; lastKnownFileType = file.xib; path = MainViewController.xib; sourceTree = "<group>"; };
		520340241ABAD526005D69F3 /* PrefixHeader.pch */ = {isa = PBXFileReference; fileEncoding = 4; lastKnownFileType = sourcecode.c.h; path = PrefixHeader.pch; sourceTree = "<group>"; };
		520340261ABAD799005D69F3 /* Default-568h@2x.png */ = {isa = PBXFileReference; lastKnownFileType = image.png; path = "Default-568h@2x.png"; sourceTree = "<group>"; };
		520340271ABAD799005D69F3 /* Default.png */ = {isa = PBXFileReference; lastKnownFileType = image.png; path = Default.png; sourceTree = "<group>"; };
		520340281ABAD799005D69F3 /* Default@2x.png */ = {isa = PBXFileReference; lastKnownFileType = image.png; path = "Default@2x.png"; sourceTree = "<group>"; };
		5203402D1ABADB24005D69F3 /* StyleConstant.h */ = {isa = PBXFileReference; lastKnownFileType = sourcecode.c.h; path = StyleConstant.h; sourceTree = "<group>"; };
		52EEB9D11AB2E746004D732A /* iosTemplate.app */ = {isa = PBXFileReference; explicitFileType = wrapper.application; includeInIndex = 0; path = iosTemplate.app; sourceTree = BUILT_PRODUCTS_DIR; };
		52EEB9D51AB2E746004D732A /* Info.plist */ = {isa = PBXFileReference; lastKnownFileType = text.plist.xml; path = Info.plist; sourceTree = "<group>"; };
		52EEB9D61AB2E746004D732A /* main.m */ = {isa = PBXFileReference; lastKnownFileType = sourcecode.c.objc; path = main.m; sourceTree = "<group>"; };
		52EEB9D81AB2E746004D732A /* AppDelegate.h */ = {isa = PBXFileReference; lastKnownFileType = sourcecode.c.h; path = AppDelegate.h; sourceTree = "<group>"; };
		52EEB9D91AB2E746004D732A /* AppDelegate.m */ = {isa = PBXFileReference; lastKnownFileType = sourcecode.c.objc; path = AppDelegate.m; sourceTree = "<group>"; };
		52EEB9E11AB2E746004D732A /* Images.xcassets */ = {isa = PBXFileReference; lastKnownFileType = folder.assetcatalog; path = Images.xcassets; sourceTree = "<group>"; };
		52EEB9EA1AB2E746004D732A /* iosTemplateTests.xctest */ = {isa = PBXFileReference; explicitFileType = wrapper.cfbundle; includeInIndex = 0; path = iosTemplateTests.xctest; sourceTree = BUILT_PRODUCTS_DIR; };
		52EEB9EF1AB2E746004D732A /* Info.plist */ = {isa = PBXFileReference; lastKnownFileType = text.plist.xml; path = Info.plist; sourceTree = "<group>"; };
		52EEB9F01AB2E746004D732A /* iosTemplateTests.m */ = {isa = PBXFileReference; lastKnownFileType = sourcecode.c.objc; path = iosTemplateTests.m; sourceTree = "<group>"; };
		52EEB9FB1AB2E7AD004D732A /* GeneralViewController.h */ = {isa = PBXFileReference; fileEncoding = 4; lastKnownFileType = sourcecode.c.h; path = GeneralViewController.h; sourceTree = "<group>"; };
		52EEB9FC1AB2E7AD004D732A /* GeneralViewController.m */ = {isa = PBXFileReference; fileEncoding = 4; lastKnownFileType = sourcecode.c.objc; path = GeneralViewController.m; sourceTree = "<group>"; };
		52EEB9FD1AB2E7AD004D732A /* GeneralViewController.xib */ = {isa = PBXFileReference; fileEncoding = 4; lastKnownFileType = file.xib; path = GeneralViewController.xib; sourceTree = "<group>"; };
		86B151EBCA654033AC3D1637 /* Pods.release.xcconfig */ = {isa = PBXFileReference; includeInIndex = 1; lastKnownFileType = text.xcconfig; name = Pods.release.xcconfig; path = "Pods/Target Support Files/Pods/Pods.release.xcconfig"; sourceTree = "<group>"; };
		88AD4546D9C86401B348891C /* Pods.debug.xcconfig */ = {isa = PBXFileReference; includeInIndex = 1; lastKnownFileType = text.xcconfig; name = Pods.debug.xcconfig; path = "Pods/Target Support Files/Pods/Pods.debug.xcconfig"; sourceTree = "<group>"; };
/* End PBXFileReference section */

/* Begin PBXFrameworksBuildPhase section */
		52EEB9CE1AB2E746004D732A /* Frameworks */ = {
			isa = PBXFrameworksBuildPhase;
			buildActionMask = 2147483647;
			files = (
				7B13FC7E27A029083B8CE9D6 /* libPods.a in Frameworks */,
			);
			runOnlyForDeploymentPostprocessing = 0;
		};
		52EEB9E71AB2E746004D732A /* Frameworks */ = {
			isa = PBXFrameworksBuildPhase;
			buildActionMask = 2147483647;
			files = (
			);
			runOnlyForDeploymentPostprocessing = 0;
		};
/* End PBXFrameworksBuildPhase section */

/* Begin PBXGroup section */
		52033FF81AB71457005D69F3 /* MainViewController */ = {
			isa = PBXGroup;
			children = (
				52033FFE1AB7157A005D69F3 /* MainViewController.h */,
				52033FFF1AB7157A005D69F3 /* MainViewController.m */,
				520340101AB7DA10005D69F3 /* MainViewController.xib */,
			);
			name = MainViewController;
			sourceTree = "<group>";
		};
		520340251ABAD799005D69F3 /* SplashScreens */ = {
			isa = PBXGroup;
			children = (
				520340261ABAD799005D69F3 /* Default-568h@2x.png */,
				520340271ABAD799005D69F3 /* Default.png */,
				520340281ABAD799005D69F3 /* Default@2x.png */,
			);
			path = SplashScreens;
			sourceTree = "<group>";
		};
		52EEB9C81AB2E746004D732A = {
			isa = PBXGroup;
			children = (
				52EEB9D31AB2E746004D732A /* iosTemplate */,
				52EEB9ED1AB2E746004D732A /* iosTemplateTests */,
				52EEB9D21AB2E746004D732A /* Products */,
				6ED44C7159D90C8CE76C9B5A /* Pods */,
				62DCA80221C42BFBD4B3B2D1 /* Frameworks */,
			);
			sourceTree = "<group>";
		};
		52EEB9D21AB2E746004D732A /* Products */ = {
			isa = PBXGroup;
			children = (
				52EEB9D11AB2E746004D732A /* iosTemplate.app */,
				52EEB9EA1AB2E746004D732A /* iosTemplateTests.xctest */,
			);
			name = Products;
			sourceTree = "<group>";
		};
		52EEB9D31AB2E746004D732A /* iosTemplate */ = {
			isa = PBXGroup;
			children = (
				520340241ABAD526005D69F3 /* PrefixHeader.pch */,
				5203402D1ABADB24005D69F3 /* StyleConstant.h */,
				52EEB9D81AB2E746004D732A /* AppDelegate.h */,
				52EEB9D91AB2E746004D732A /* AppDelegate.m */,
				52033FF81AB71457005D69F3 /* MainViewController */,
				52EEB9FA1AB2E779004D732A /* GeneralViewController */,
				52EEB9E11AB2E746004D732A /* Images.xcassets */,
				52EEB9D41AB2E746004D732A /* Supporting Files */,
			);
			path = iosTemplate;
			sourceTree = "<group>";
		};
		52EEB9D41AB2E746004D732A /* Supporting Files */ = {
			isa = PBXGroup;
			children = (
				520340251ABAD799005D69F3 /* SplashScreens */,
				52EEB9D51AB2E746004D732A /* Info.plist */,
				52EEB9D61AB2E746004D732A /* main.m */,
			);
			name = "Supporting Files";
			sourceTree = "<group>";
		};
		52EEB9ED1AB2E746004D732A /* iosTemplateTests */ = {
			isa = PBXGroup;
			children = (
				52EEB9F01AB2E746004D732A /* iosTemplateTests.m */,
				52EEB9EE1AB2E746004D732A /* Supporting Files */,
			);
			path = iosTemplateTests;
			sourceTree = "<group>";
		};
		52EEB9EE1AB2E746004D732A /* Supporting Files */ = {
			isa = PBXGroup;
			children = (
				52EEB9EF1AB2E746004D732A /* Info.plist */,
			);
			name = "Supporting Files";
			sourceTree = "<group>";
		};
		52EEB9FA1AB2E779004D732A /* GeneralViewController */ = {
			isa = PBXGroup;
			children = (
				52EEB9FB1AB2E7AD004D732A /* GeneralViewController.h */,
				52EEB9FC1AB2E7AD004D732A /* GeneralViewController.m */,
				52EEB9FD1AB2E7AD004D732A /* GeneralViewController.xib */,
			);
			name = GeneralViewController;
			sourceTree = "<group>";
		};
		62DCA80221C42BFBD4B3B2D1 /* Frameworks */ = {
			isa = PBXGroup;
			children = (
				1904E761E455067EC2670D9F /* libPods.a */,
			);
			name = Frameworks;
			sourceTree = "<group>";
		};
		6ED44C7159D90C8CE76C9B5A /* Pods */ = {
			isa = PBXGroup;
			children = (
				88AD4546D9C86401B348891C /* Pods.debug.xcconfig */,
				86B151EBCA654033AC3D1637 /* Pods.release.xcconfig */,
			);
			name = Pods;
			sourceTree = "<group>";
		};
/* End PBXGroup section */

/* Begin PBXNativeTarget section */
		52EEB9D01AB2E746004D732A /* iosTemplate */ = {
			isa = PBXNativeTarget;
			buildConfigurationList = 52EEB9F41AB2E746004D732A /* Build configuration list for PBXNativeTarget "iosTemplate" */;
			buildPhases = (
				F6264485F0674E63D07D460A /* Check Pods Manifest.lock */,
				52EEB9CD1AB2E746004D732A /* Sources */,
				52EEB9CE1AB2E746004D732A /* Frameworks */,
				52EEB9CF1AB2E746004D732A /* Resources */,
				B0FAAA5E44C2946C00B2C383 /* Copy Pods Resources */,
			);
			buildRules = (
			);
			dependencies = (
			);
			name = iosTemplate;
			productName = iosTemplate;
			productReference = 52EEB9D11AB2E746004D732A /* iosTemplate.app */;
			productType = "com.apple.product-type.application";
		};
		52EEB9E91AB2E746004D732A /* iosTemplateTests */ = {
			isa = PBXNativeTarget;
			buildConfigurationList = 52EEB9F71AB2E746004D732A /* Build configuration list for PBXNativeTarget "iosTemplateTests" */;
			buildPhases = (
				52EEB9E61AB2E746004D732A /* Sources */,
				52EEB9E71AB2E746004D732A /* Frameworks */,
				52EEB9E81AB2E746004D732A /* Resources */,
			);
			buildRules = (
			);
			dependencies = (
				52EEB9EC1AB2E746004D732A /* PBXTargetDependency */,
			);
			name = iosTemplateTests;
			productName = iosTemplateTests;
			productReference = 52EEB9EA1AB2E746004D732A /* iosTemplateTests.xctest */;
			productType = "com.apple.product-type.bundle.unit-test";
		};
/* End PBXNativeTarget section */

/* Begin PBXProject section */
		52EEB9C91AB2E746004D732A /* Project object */ = {
			isa = PBXProject;
			attributes = {
				LastUpgradeCheck = 0610;
				ORGANIZATIONNAME = "Derek Cheung";
				TargetAttributes = {
					52EEB9D01AB2E746004D732A = {
						CreatedOnToolsVersion = 6.1.1;
						DevelopmentTeam = 948W38T38P;
					};
					52EEB9E91AB2E746004D732A = {
						CreatedOnToolsVersion = 6.1.1;
						TestTargetID = 52EEB9D01AB2E746004D732A;
					};
				};
			};
			buildConfigurationList = 52EEB9CC1AB2E746004D732A /* Build configuration list for PBXProject "iosTemplate" */;
			compatibilityVersion = "Xcode 3.2";
			developmentRegion = English;
			hasScannedForEncodings = 0;
			knownRegions = (
				en,
				Base,
			);
			mainGroup = 52EEB9C81AB2E746004D732A;
			productRefGroup = 52EEB9D21AB2E746004D732A /* Products */;
			projectDirPath = "";
			projectRoot = "";
			targets = (
				52EEB9D01AB2E746004D732A /* iosTemplate */,
				52EEB9E91AB2E746004D732A /* iosTemplateTests */,
			);
		};
/* End PBXProject section */

/* Begin PBXResourcesBuildPhase section */
		52EEB9CF1AB2E746004D732A /* Resources */ = {
			isa = PBXResourcesBuildPhase;
			buildActionMask = 2147483647;
			files = (
				5203402B1ABAD799005D69F3 /* Default@2x.png in Resources */,
				520340111AB7DA10005D69F3 /* MainViewController.xib in Resources */,
				520340291ABAD799005D69F3 /* Default-568h@2x.png in Resources */,
				52EEB9E21AB2E746004D732A /* Images.xcassets in Resources */,
				52EEB9FF1AB2E7AD004D732A /* GeneralViewController.xib in Resources */,
				5203402A1ABAD799005D69F3 /* Default.png in Resources */,
			);
			runOnlyForDeploymentPostprocessing = 0;
		};
		52EEB9E81AB2E746004D732A /* Resources */ = {
			isa = PBXResourcesBuildPhase;
			buildActionMask = 2147483647;
			files = (
			);
			runOnlyForDeploymentPostprocessing = 0;
		};
/* End PBXResourcesBuildPhase section */

/* Begin PBXShellScriptBuildPhase section */
		B0FAAA5E44C2946C00B2C383 /* Copy Pods Resources */ = {
			isa = PBXShellScriptBuildPhase;
			buildActionMask = 2147483647;
			files = (
			);
			inputPaths = (
			);
			name = "Copy Pods Resources";
			outputPaths = (
			);
			runOnlyForDeploymentPostprocessing = 0;
			shellPath = /bin/sh;
			shellScript = "\"${SRCROOT}/Pods/Target Support Files/Pods/Pods-resources.sh\"\n";
			showEnvVarsInLog = 0;
		};
		F6264485F0674E63D07D460A /* Check Pods Manifest.lock */ = {
			isa = PBXShellScriptBuildPhase;
			buildActionMask = 2147483647;
			files = (
			);
			inputPaths = (
			);
			name = "Check Pods Manifest.lock";
			outputPaths = (
			);
			runOnlyForDeploymentPostprocessing = 0;
			shellPath = /bin/sh;
			shellScript = "diff \"${PODS_ROOT}/../Podfile.lock\" \"${PODS_ROOT}/Manifest.lock\" > /dev/null\nif [[ $? != 0 ]] ; then\n    cat << EOM\nerror: The sandbox is not in sync with the Podfile.lock. Run 'pod install' or update your CocoaPods installation.\nEOM\n    exit 1\nfi\n";
			showEnvVarsInLog = 0;
		};
/* End PBXShellScriptBuildPhase section */

/* Begin PBXSourcesBuildPhase section */
		52EEB9CD1AB2E746004D732A /* Sources */ = {
			isa = PBXSourcesBuildPhase;
			buildActionMask = 2147483647;
			files = (
				520340011AB7157A005D69F3 /* MainViewController.m in Sources */,
				52EEB9DA1AB2E746004D732A /* AppDelegate.m in Sources */,
				52EEB9D71AB2E746004D732A /* main.m in Sources */,
				52EEB9FE1AB2E7AD004D732A /* GeneralViewController.m in Sources */,
			);
			runOnlyForDeploymentPostprocessing = 0;
		};
		52EEB9E61AB2E746004D732A /* Sources */ = {
			isa = PBXSourcesBuildPhase;
			buildActionMask = 2147483647;
			files = (
				52EEB9F11AB2E746004D732A /* iosTemplateTests.m in Sources */,
			);
			runOnlyForDeploymentPostprocessing = 0;
		};
/* End PBXSourcesBuildPhase section */

/* Begin PBXTargetDependency section */
		52EEB9EC1AB2E746004D732A /* PBXTargetDependency */ = {
			isa = PBXTargetDependency;
			target = 52EEB9D01AB2E746004D732A /* iosTemplate */;
			targetProxy = 52EEB9EB1AB2E746004D732A /* PBXContainerItemProxy */;
		};
/* End PBXTargetDependency section */

/* Begin XCBuildConfiguration section */
		52EEB9F21AB2E746004D732A /* Debug */ = {
			isa = XCBuildConfiguration;
			buildSettings = {
				ALWAYS_SEARCH_USER_PATHS = NO;
				CLANG_CXX_LANGUAGE_STANDARD = "gnu++0x";
				CLANG_CXX_LIBRARY = "libc++";
				CLANG_ENABLE_MODULES = YES;
				CLANG_ENABLE_OBJC_ARC = YES;
				CLANG_WARN_BOOL_CONVERSION = YES;
				CLANG_WARN_CONSTANT_CONVERSION = YES;
				CLANG_WARN_DIRECT_OBJC_ISA_USAGE = YES_ERROR;
				CLANG_WARN_EMPTY_BODY = YES;
				CLANG_WARN_ENUM_CONVERSION = YES;
				CLANG_WARN_INT_CONVERSION = YES;
				CLANG_WARN_OBJC_ROOT_CLASS = YES_ERROR;
				CLANG_WARN_UNREACHABLE_CODE = YES;
				CLANG_WARN__DUPLICATE_METHOD_MATCH = YES;
				"CODE_SIGN_IDENTITY[sdk=iphoneos*]" = "iPhone Developer";
				COPY_PHASE_STRIP = NO;
				ENABLE_STRICT_OBJC_MSGSEND = YES;
				GCC_C_LANGUAGE_STANDARD = gnu99;
				GCC_DYNAMIC_NO_PIC = NO;
				GCC_OPTIMIZATION_LEVEL = 0;
				GCC_PREPROCESSOR_DEFINITIONS = (
					"DEBUG=1",
					"$(inherited)",
				);
				GCC_SYMBOLS_PRIVATE_EXTERN = NO;
				GCC_WARN_64_TO_32_BIT_CONVERSION = YES;
				GCC_WARN_ABOUT_RETURN_TYPE = YES_ERROR;
				GCC_WARN_UNDECLARED_SELECTOR = YES;
				GCC_WARN_UNINITIALIZED_AUTOS = YES_AGGRESSIVE;
				GCC_WARN_UNUSED_FUNCTION = YES;
				GCC_WARN_UNUSED_VARIABLE = YES;
				IPHONEOS_DEPLOYMENT_TARGET = 8.1;
				MTL_ENABLE_DEBUG_INFO = YES;
				ONLY_ACTIVE_ARCH = YES;
				SDKROOT = iphoneos;
			};
			name = Debug;
		};
		52EEB9F31AB2E746004D732A /* Release */ = {
			isa = XCBuildConfiguration;
			buildSettings = {
				ALWAYS_SEARCH_USER_PATHS = NO;
				CLANG_CXX_LANGUAGE_STANDARD = "gnu++0x";
				CLANG_CXX_LIBRARY = "libc++";
				CLANG_ENABLE_MODULES = YES;
				CLANG_ENABLE_OBJC_ARC = YES;
				CLANG_WARN_BOOL_CONVERSION = YES;
				CLANG_WARN_CONSTANT_CONVERSION = YES;
				CLANG_WARN_DIRECT_OBJC_ISA_USAGE = YES_ERROR;
				CLANG_WARN_EMPTY_BODY = YES;
				CLANG_WARN_ENUM_CONVERSION = YES;
				CLANG_WARN_INT_CONVERSION = YES;
				CLANG_WARN_OBJC_ROOT_CLASS = YES_ERROR;
				CLANG_WARN_UNREACHABLE_CODE = YES;
				CLANG_WARN__DUPLICATE_METHOD_MATCH = YES;
				"CODE_SIGN_IDENTITY[sdk=iphoneos*]" = "iPhone Developer";
				COPY_PHASE_STRIP = YES;
				ENABLE_NS_ASSERTIONS = NO;
				ENABLE_STRICT_OBJC_MSGSEND = YES;
				GCC_C_LANGUAGE_STANDARD = gnu99;
				GCC_WARN_64_TO_32_BIT_CONVERSION = YES;
				GCC_WARN_ABOUT_RETURN_TYPE = YES_ERROR;
				GCC_WARN_UNDECLARED_SELECTOR = YES;
				GCC_WARN_UNINITIALIZED_AUTOS = YES_AGGRESSIVE;
				GCC_WARN_UNUSED_FUNCTION = YES;
				GCC_WARN_UNUSED_VARIABLE = YES;
				IPHONEOS_DEPLOYMENT_TARGET = 8.1;
				MTL_ENABLE_DEBUG_INFO = NO;
				SDKROOT = iphoneos;
				VALIDATE_PRODUCT = YES;
			};
			name = Release;
		};
		52EEB9F51AB2E746004D732A /* Debug */ = {
			isa = XCBuildConfiguration;
			baseConfigurationReference = 88AD4546D9C86401B348891C /* Pods.debug.xcconfig */;
			buildSettings = {
				ASSETCATALOG_COMPILER_APPICON_NAME = AppIcon;
				CODE_SIGN_IDENTITY = "iPhone Developer";
				GCC_PRECOMPILE_PREFIX_HEADER = YES;
				GCC_PREFIX_HEADER = "$(SRCROOT)/$(PROJECT_NAME)/PrefixHeader.pch";
				INFOPLIST_FILE = iosTemplate/Info.plist;
				IPHONEOS_DEPLOYMENT_TARGET = 7.0;
				LD_RUNPATH_SEARCH_PATHS = "$(inherited) @executable_path/Frameworks";
				PRODUCT_NAME = "$(TARGET_NAME)";
				TARGETED_DEVICE_FAMILY = 1;
			};
			name = Debug;
		};
		52EEB9F61AB2E746004D732A /* Release */ = {
			isa = XCBuildConfiguration;
			baseConfigurationReference = 86B151EBCA654033AC3D1637 /* Pods.release.xcconfig */;
			buildSettings = {
				ASSETCATALOG_COMPILER_APPICON_NAME = AppIcon;
				CODE_SIGN_IDENTITY = "iPhone Developer";
				GCC_PRECOMPILE_PREFIX_HEADER = YES;
				GCC_PREFIX_HEADER = "$(SRCROOT)/$(PROJECT_NAME)/PrefixHeader.pch";
				INFOPLIST_FILE = iosTemplate/Info.plist;
				IPHONEOS_DEPLOYMENT_TARGET = 7.0;
				LD_RUNPATH_SEARCH_PATHS = "$(inherited) @executable_path/Frameworks";
				PRODUCT_NAME = "$(TARGET_NAME)";
				TARGETED_DEVICE_FAMILY = 1;
			};
			name = Release;
		};
		52EEB9F81AB2E746004D732A /* Debug */ = {
			isa = XCBuildConfiguration;
			buildSettings = {
				BUNDLE_LOADER = "$(TEST_HOST)";
				FRAMEWORK_SEARCH_PATHS = (
					"$(SDKROOT)/Developer/Library/Frameworks",
					"$(inherited)",
				);
				GCC_PREPROCESSOR_DEFINITIONS = (
					"DEBUG=1",
					"$(inherited)",
				);
				INFOPLIST_FILE = iosTemplateTests/Info.plist;
				LD_RUNPATH_SEARCH_PATHS = "$(inherited) @executable_path/Frameworks @loader_path/Frameworks";
				PRODUCT_NAME = "$(TARGET_NAME)";
				TEST_HOST = "$(BUILT_PRODUCTS_DIR)/iosTemplate.app/iosTemplate";
			};
			name = Debug;
		};
		52EEB9F91AB2E746004D732A /* Release */ = {
			isa = XCBuildConfiguration;
			buildSettings = {
				BUNDLE_LOADER = "$(TEST_HOST)";
				FRAMEWORK_SEARCH_PATHS = (
					"$(SDKROOT)/Developer/Library/Frameworks",
					"$(inherited)",
				);
				INFOPLIST_FILE = iosTemplateTests/Info.plist;
				LD_RUNPATH_SEARCH_PATHS = "$(inherited) @executable_path/Frameworks @loader_path/Frameworks";
				PRODUCT_NAME = "$(TARGET_NAME)";
				TEST_HOST = "$(BUILT_PRODUCTS_DIR)/iosTemplate.app/iosTemplate";
			};
			name = Release;
		};
/* End XCBuildConfiguration section */

/* Begin XCConfigurationList section */
		52EEB9CC1AB2E746004D732A /* Build configuration list for PBXProject "iosTemplate" */ = {
			isa = XCConfigurationList;
			buildConfigurations = (
				52EEB9F21AB2E746004D732A /* Debug */,
				52EEB9F31AB2E746004D732A /* Release */,
			);
			defaultConfigurationIsVisible = 0;
			defaultConfigurationName = Release;
		};
		52EEB9F41AB2E746004D732A /* Build configuration list for PBXNativeTarget "iosTemplate" */ = {
			isa = XCConfigurationList;
			buildConfigurations = (
				52EEB9F51AB2E746004D732A /* Debug */,
				52EEB9F61AB2E746004D732A /* Release */,
			);
			defaultConfigurationIsVisible = 0;
			defaultConfigurationName = Release;
		};
		52EEB9F71AB2E746004D732A /* Build configuration list for PBXNativeTarget "iosTemplateTests" */ = {
			isa = XCConfigurationList;
			buildConfigurations = (
				52EEB9F81AB2E746004D732A /* Debug */,
				52EEB9F91AB2E746004D732A /* Release */,
			);
			defaultConfigurationIsVisible = 0;
			defaultConfigurationName = Release;
		};
/* End XCConfigurationList section */
	};
	rootObject = 52EEB9C91AB2E746004D732A /* Project object */;
}
