// !$*UTF8*$!
{
	archiveVersion = 1;
	classes = {
	};
	objectVersion = 46;
	objects = {

/* Begin PBXBuildFile section */
		2D07B4FA1BDCA3B100938BF7 /* VerticalTableViewCell.m in Sources */ = {isa = PBXBuildFile; fileRef = 2D07B4F81BDCA3B100938BF7 /* VerticalTableViewCell.m */; settings = {ASSET_TAGS = (); }; };
		2D07B4FD1BDCA3DA00938BF7 /* VerticalTableViewController.m in Sources */ = {isa = PBXBuildFile; fileRef = 2D07B4FC1BDCA3DA00938BF7 /* VerticalTableViewController.m */; settings = {ASSET_TAGS = (); }; };
		2D07B5011BDCACE200938BF7 /* CollectionTableViewCell.m in Sources */ = {isa = PBXBuildFile; fileRef = 2D07B5001BDCACE200938BF7 /* CollectionTableViewCell.m */; settings = {ASSET_TAGS = (); }; };
		2D07B5081BDCAF1200938BF7 /* CollectionTableViewCellController.m in Sources */ = {isa = PBXBuildFile; fileRef = 2D07B5071BDCAF1200938BF7 /* CollectionTableViewCellController.m */; settings = {ASSET_TAGS = (); }; };
		2D07B50C1BDCB3A200938BF7 /* HorizontalCollectionViewCell.m in Sources */ = {isa = PBXBuildFile; fileRef = 2D07B50B1BDCB3A200938BF7 /* HorizontalCollectionViewCell.m */; settings = {ASSET_TAGS = (); }; };
		2D07B5131BDCD5E100938BF7 /* PostModel.m in Sources */ = {isa = PBXBuildFile; fileRef = 2D07B5121BDCD5E100938BF7 /* PostModel.m */; settings = {ASSET_TAGS = (); }; };
		2D07B51B1BDCD70300938BF7 /* horzontalImage0@2x.png in Resources */ = {isa = PBXBuildFile; fileRef = 2D07B5151BDCD70300938BF7 /* horzontalImage0@2x.png */; settings = {ASSET_TAGS = (); }; };
		2D07B51C1BDCD70300938BF7 /* horzontalImage1@2x.png in Resources */ = {isa = PBXBuildFile; fileRef = 2D07B5161BDCD70300938BF7 /* horzontalImage1@2x.png */; settings = {ASSET_TAGS = (); }; };
		2D07B51D1BDCD70300938BF7 /* horzontalImage2@2x.png in Resources */ = {isa = PBXBuildFile; fileRef = 2D07B5171BDCD70300938BF7 /* horzontalImage2@2x.png */; settings = {ASSET_TAGS = (); }; };
		2D07B51E1BDCD70300938BF7 /* horzontalImage3@2x.png in Resources */ = {isa = PBXBuildFile; fileRef = 2D07B5181BDCD70300938BF7 /* horzontalImage3@2x.png */; settings = {ASSET_TAGS = (); }; };
		2D07B51F1BDCD70300938BF7 /* horzontalImage4@2x.png in Resources */ = {isa = PBXBuildFile; fileRef = 2D07B5191BDCD70300938BF7 /* horzontalImage4@2x.png */; settings = {ASSET_TAGS = (); }; };
		2D07B5201BDCD70300938BF7 /* horzontalImage5@2x.png in Resources */ = {isa = PBXBuildFile; fileRef = 2D07B51A1BDCD70300938BF7 /* horzontalImage5@2x.png */; settings = {ASSET_TAGS = (); }; };
		2D07B5251BDCD78800938BF7 /* ResponseModel.m in Sources */ = {isa = PBXBuildFile; fileRef = 2D07B5241BDCD78800938BF7 /* ResponseModel.m */; settings = {ASSET_TAGS = (); }; };
		2D07B5381BDCE5C700938BF7 /* verticalImage0@2x.png in Resources */ = {isa = PBXBuildFile; fileRef = 2D07B5321BDCE5C700938BF7 /* verticalImage0@2x.png */; settings = {ASSET_TAGS = (); }; };
		2D07B5391BDCE5C700938BF7 /* verticalImage1@2x.png in Resources */ = {isa = PBXBuildFile; fileRef = 2D07B5331BDCE5C700938BF7 /* verticalImage1@2x.png */; settings = {ASSET_TAGS = (); }; };
		2D07B53A1BDCE5C700938BF7 /* verticalImage2@2x.png in Resources */ = {isa = PBXBuildFile; fileRef = 2D07B5341BDCE5C700938BF7 /* verticalImage2@2x.png */; settings = {ASSET_TAGS = (); }; };
		2D07B53B1BDCE5C700938BF7 /* verticalImage3@2x.png in Resources */ = {isa = PBXBuildFile; fileRef = 2D07B5351BDCE5C700938BF7 /* verticalImage3@2x.png */; settings = {ASSET_TAGS = (); }; };
		2D07B53C1BDCE5C700938BF7 /* verticalImage4@2x.png in Resources */ = {isa = PBXBuildFile; fileRef = 2D07B5361BDCE5C700938BF7 /* verticalImage4@2x.png */; settings = {ASSET_TAGS = (); }; };
		2D07B53D1BDCE5C700938BF7 /* verticalImage5@2x.png in Resources */ = {isa = PBXBuildFile; fileRef = 2D07B5371BDCE5C700938BF7 /* verticalImage5@2x.png */; settings = {ASSET_TAGS = (); }; };
		2DB428531BDA807200C8F507 /* BaseView.m in Sources */ = {isa = PBXBuildFile; fileRef = 2DB428521BDA807200C8F507 /* BaseView.m */; settings = {ASSET_TAGS = (); }; };
		2DB428561BDA835C00C8F507 /* GeneralViewController.m in Sources */ = {isa = PBXBuildFile; fileRef = 2DB428541BDA835C00C8F507 /* GeneralViewController.m */; settings = {ASSET_TAGS = (); }; };
		2DB4285A1BDA83B700C8F507 /* GeneralView.m in Sources */ = {isa = PBXBuildFile; fileRef = 2DB428591BDA83B700C8F507 /* GeneralView.m */; settings = {ASSET_TAGS = (); }; };
		2DB4285E1BDA88DF00C8F507 /* TabBarView.m in Sources */ = {isa = PBXBuildFile; fileRef = 2DB4285D1BDA88DF00C8F507 /* TabBarView.m */; settings = {ASSET_TAGS = (); }; };
		2DB428631BDA93D700C8F507 /* TabBarViewController.m in Sources */ = {isa = PBXBuildFile; fileRef = 2DB428621BDA93D700C8F507 /* TabBarViewController.m */; settings = {ASSET_TAGS = (); }; };
		520340291ABAD799005D69F3 /* Default-568h@2x.png in Resources */ = {isa = PBXBuildFile; fileRef = 520340261ABAD799005D69F3 /* Default-568h@2x.png */; };
		5203402A1ABAD799005D69F3 /* Default.png in Resources */ = {isa = PBXBuildFile; fileRef = 520340271ABAD799005D69F3 /* Default.png */; };
		5203402B1ABAD799005D69F3 /* Default@2x.png in Resources */ = {isa = PBXBuildFile; fileRef = 520340281ABAD799005D69F3 /* Default@2x.png */; };
		520340341ABAE146005D69F3 /* DIN-Bold.otf in Resources */ = {isa = PBXBuildFile; fileRef = 520340311ABAE146005D69F3 /* DIN-Bold.otf */; };
		520340351ABAE146005D69F3 /* DIN-Medium.otf in Resources */ = {isa = PBXBuildFile; fileRef = 520340321ABAE146005D69F3 /* DIN-Medium.otf */; };
		520340361ABAE146005D69F3 /* DIN-Regular.otf in Resources */ = {isa = PBXBuildFile; fileRef = 520340331ABAE146005D69F3 /* DIN-Regular.otf */; };
		52EEB9D71AB2E746004D732A /* main.m in Sources */ = {isa = PBXBuildFile; fileRef = 52EEB9D61AB2E746004D732A /* main.m */; };
		52EEB9DA1AB2E746004D732A /* AppDelegate.m in Sources */ = {isa = PBXBuildFile; fileRef = 52EEB9D91AB2E746004D732A /* AppDelegate.m */; };
		52EEB9E21AB2E746004D732A /* Images.xcassets in Resources */ = {isa = PBXBuildFile; fileRef = 52EEB9E11AB2E746004D732A /* Images.xcassets */; };
		52EEB9F11AB2E746004D732A /* iosTemplateTests.m in Sources */ = {isa = PBXBuildFile; fileRef = 52EEB9F01AB2E746004D732A /* iosTemplateTests.m */; };
		7B13FC7E27A029083B8CE9D6 /* libPods.a in Frameworks */ = {isa = PBXBuildFile; fileRef = 1904E761E455067EC2670D9F /* libPods.a */; };
/* End PBXBuildFile section */

/* Begin PBXContainerItemProxy section */
		52EEB9EB1AB2E746004D732A /* PBXContainerItemProxy */ = {
			isa = PBXContainerItemProxy;
			containerPortal = 52EEB9C91AB2E746004D732A /* Project object */;
			proxyType = 1;
			remoteGlobalIDString = 52EEB9D01AB2E746004D732A;
			remoteInfo = iosTemplate;
		};
/* End PBXContainerItemProxy section */

/* Begin PBXFileReference section */
		1904E761E455067EC2670D9F /* libPods.a */ = {isa = PBXFileReference; explicitFileType = archive.ar; includeInIndex = 0; path = libPods.a; sourceTree = BUILT_PRODUCTS_DIR; };
		2D07B4F81BDCA3B100938BF7 /* VerticalTableViewCell.m */ = {isa = PBXFileReference; fileEncoding = 4; lastKnownFileType = sourcecode.c.objc; name = VerticalTableViewCell.m; path = VerticalTableViewCell/VerticalTableViewCell.m; sourceTree = "<group>"; };
		2D07B4F91BDCA3B100938BF7 /* VerticalTableViewCell.h */ = {isa = PBXFileReference; fileEncoding = 4; lastKnownFileType = sourcecode.c.h; name = VerticalTableViewCell.h; path = VerticalTableViewCell/VerticalTableViewCell.h; sourceTree = "<group>"; };
		2D07B4FB1BDCA3DA00938BF7 /* VerticalTableViewController.h */ = {isa = PBXFileReference; fileEncoding = 4; lastKnownFileType = sourcecode.c.h; name = VerticalTableViewController.h; path = VerticalTableViewController/VerticalTableViewController.h; sourceTree = "<group>"; };
		2D07B4FC1BDCA3DA00938BF7 /* VerticalTableViewController.m */ = {isa = PBXFileReference; fileEncoding = 4; lastKnownFileType = sourcecode.c.objc; name = VerticalTableViewController.m; path = VerticalTableViewController/VerticalTableViewController.m; sourceTree = "<group>"; };
		2D07B4FF1BDCACE200938BF7 /* CollectionTableViewCell.h */ = {isa = PBXFileReference; fileEncoding = 4; lastKnownFileType = sourcecode.c.h; name = CollectionTableViewCell.h; path = CollectionTableViewCell/CollectionTableViewCell.h; sourceTree = "<group>"; };
		2D07B5001BDCACE200938BF7 /* CollectionTableViewCell.m */ = {isa = PBXFileReference; fileEncoding = 4; lastKnownFileType = sourcecode.c.objc; name = CollectionTableViewCell.m; path = CollectionTableViewCell/CollectionTableViewCell.m; sourceTree = "<group>"; };
		2D07B5061BDCAF1200938BF7 /* CollectionTableViewCellController.h */ = {isa = PBXFileReference; fileEncoding = 4; lastKnownFileType = sourcecode.c.h; name = CollectionTableViewCellController.h; path = CollectionTableViewCellController/CollectionTableViewCellController.h; sourceTree = "<group>"; };
		2D07B5071BDCAF1200938BF7 /* CollectionTableViewCellController.m */ = {isa = PBXFileReference; fileEncoding = 4; lastKnownFileType = sourcecode.c.objc; name = CollectionTableViewCellController.m; path = CollectionTableViewCellController/CollectionTableViewCellController.m; sourceTree = "<group>"; };
		2D07B50A1BDCB3A200938BF7 /* HorizontalCollectionViewCell.h */ = {isa = PBXFileReference; fileEncoding = 4; lastKnownFileType = sourcecode.c.h; name = HorizontalCollectionViewCell.h; path = HorizontalCollectionViewCell/HorizontalCollectionViewCell.h; sourceTree = "<group>"; };
		2D07B50B1BDCB3A200938BF7 /* HorizontalCollectionViewCell.m */ = {isa = PBXFileReference; fileEncoding = 4; lastKnownFileType = sourcecode.c.objc; name = HorizontalCollectionViewCell.m; path = HorizontalCollectionViewCell/HorizontalCollectionViewCell.m; sourceTree = "<group>"; };
		2D07B5111BDCD5E100938BF7 /* PostModel.h */ = {isa = PBXFileReference; fileEncoding = 4; lastKnownFileType = sourcecode.c.h; name = PostModel.h; path = PostModel/PostModel.h; sourceTree = "<group>"; };
		2D07B5121BDCD5E100938BF7 /* PostModel.m */ = {isa = PBXFileReference; fileEncoding = 4; lastKnownFileType = sourcecode.c.objc; name = PostModel.m; path = PostModel/PostModel.m; sourceTree = "<group>"; };
		2D07B5151BDCD70300938BF7 /* horzontalImage0@2x.png */ = {isa = PBXFileReference; lastKnownFileType = image.png; path = "horzontalImage0@2x.png"; sourceTree = "<group>"; };
		2D07B5161BDCD70300938BF7 /* horzontalImage1@2x.png */ = {isa = PBXFileReference; lastKnownFileType = image.png; path = "horzontalImage1@2x.png"; sourceTree = "<group>"; };
		2D07B5171BDCD70300938BF7 /* horzontalImage2@2x.png */ = {isa = PBXFileReference; lastKnownFileType = image.png; path = "horzontalImage2@2x.png"; sourceTree = "<group>"; };
		2D07B5181BDCD70300938BF7 /* horzontalImage3@2x.png */ = {isa = PBXFileReference; lastKnownFileType = image.png; path = "horzontalImage3@2x.png"; sourceTree = "<group>"; };
		2D07B5191BDCD70300938BF7 /* horzontalImage4@2x.png */ = {isa = PBXFileReference; lastKnownFileType = image.png; path = "horzontalImage4@2x.png"; sourceTree = "<group>"; };
		2D07B51A1BDCD70300938BF7 /* horzontalImage5@2x.png */ = {isa = PBXFileReference; lastKnownFileType = image.png; path = "horzontalImage5@2x.png"; sourceTree = "<group>"; };
		2D07B5231BDCD78800938BF7 /* ResponseModel.h */ = {isa = PBXFileReference; fileEncoding = 4; lastKnownFileType = sourcecode.c.h; name = ResponseModel.h; path = ResponseModel/ResponseModel.h; sourceTree = "<group>"; };
		2D07B5241BDCD78800938BF7 /* ResponseModel.m */ = {isa = PBXFileReference; fileEncoding = 4; lastKnownFileType = sourcecode.c.objc; name = ResponseModel.m; path = ResponseModel/ResponseModel.m; sourceTree = "<group>"; };
		2D07B5321BDCE5C700938BF7 /* verticalImage0@2x.png */ = {isa = PBXFileReference; lastKnownFileType = image.png; path = "verticalImage0@2x.png"; sourceTree = "<group>"; };
		2D07B5331BDCE5C700938BF7 /* verticalImage1@2x.png */ = {isa = PBXFileReference; lastKnownFileType = image.png; path = "verticalImage1@2x.png"; sourceTree = "<group>"; };
		2D07B5341BDCE5C700938BF7 /* verticalImage2@2x.png */ = {isa = PBXFileReference; lastKnownFileType = image.png; path = "verticalImage2@2x.png"; sourceTree = "<group>"; };
		2D07B5351BDCE5C700938BF7 /* verticalImage3@2x.png */ = {isa = PBXFileReference; lastKnownFileType = image.png; path = "verticalImage3@2x.png"; sourceTree = "<group>"; };
		2D07B5361BDCE5C700938BF7 /* verticalImage4@2x.png */ = {isa = PBXFileReference; lastKnownFileType = image.png; path = "verticalImage4@2x.png"; sourceTree = "<group>"; };
		2D07B5371BDCE5C700938BF7 /* verticalImage5@2x.png */ = {isa = PBXFileReference; lastKnownFileType = image.png; path = "verticalImage5@2x.png"; sourceTree = "<group>"; };
		2DB428511BDA807200C8F507 /* BaseView.h */ = {isa = PBXFileReference; fileEncoding = 4; lastKnownFileType = sourcecode.c.h; name = BaseView.h; path = BaseView/BaseView.h; sourceTree = "<group>"; };
		2DB428521BDA807200C8F507 /* BaseView.m */ = {isa = PBXFileReference; fileEncoding = 4; lastKnownFileType = sourcecode.c.objc; name = BaseView.m; path = BaseView/BaseView.m; sourceTree = "<group>"; };
		2DB428541BDA835C00C8F507 /* GeneralViewController.m */ = {isa = PBXFileReference; fileEncoding = 4; lastKnownFileType = sourcecode.c.objc; name = GeneralViewController.m; path = GeneralViewController/GeneralViewController.m; sourceTree = "<group>"; };
		2DB428551BDA835C00C8F507 /* GeneralViewController.h */ = {isa = PBXFileReference; fileEncoding = 4; lastKnownFileType = sourcecode.c.h; name = GeneralViewController.h; path = GeneralViewController/GeneralViewController.h; sourceTree = "<group>"; };
		2DB428581BDA83B700C8F507 /* GeneralView.h */ = {isa = PBXFileReference; fileEncoding = 4; lastKnownFileType = sourcecode.c.h; path = GeneralView.h; sourceTree = "<group>"; };
		2DB428591BDA83B700C8F507 /* GeneralView.m */ = {isa = PBXFileReference; fileEncoding = 4; lastKnownFileType = sourcecode.c.objc; path = GeneralView.m; sourceTree = "<group>"; };
		2DB4285C1BDA88DF00C8F507 /* TabBarView.h */ = {isa = PBXFileReference; fileEncoding = 4; lastKnownFileType = sourcecode.c.h; name = TabBarView.h; path = TabBarView/TabBarView.h; sourceTree = "<group>"; };
		2DB4285D1BDA88DF00C8F507 /* TabBarView.m */ = {isa = PBXFileReference; fileEncoding = 4; lastKnownFileType = sourcecode.c.objc; name = TabBarView.m; path = TabBarView/TabBarView.m; sourceTree = "<group>"; };
		2DB428611BDA93D700C8F507 /* TabBarViewController.h */ = {isa = PBXFileReference; fileEncoding = 4; lastKnownFileType = sourcecode.c.h; name = TabBarViewController.h; path = TabBarViewController/TabBarViewController.h; sourceTree = "<group>"; };
		2DB428621BDA93D700C8F507 /* TabBarViewController.m */ = {isa = PBXFileReference; fileEncoding = 4; lastKnownFileType = sourcecode.c.objc; name = TabBarViewController.m; path = TabBarViewController/TabBarViewController.m; sourceTree = "<group>"; };
		520340241ABAD526005D69F3 /* PrefixHeader.pch */ = {isa = PBXFileReference; fileEncoding = 4; lastKnownFileType = sourcecode.c.h; path = PrefixHeader.pch; sourceTree = "<group>"; };
		520340261ABAD799005D69F3 /* Default-568h@2x.png */ = {isa = PBXFileReference; lastKnownFileType = image.png; path = "Default-568h@2x.png"; sourceTree = "<group>"; };
		520340271ABAD799005D69F3 /* Default.png */ = {isa = PBXFileReference; lastKnownFileType = image.png; path = Default.png; sourceTree = "<group>"; };
		520340281ABAD799005D69F3 /* Default@2x.png */ = {isa = PBXFileReference; lastKnownFileType = image.png; path = "Default@2x.png"; sourceTree = "<group>"; };
		5203402D1ABADB24005D69F3 /* StyleConstant.h */ = {isa = PBXFileReference; lastKnownFileType = sourcecode.c.h; path = StyleConstant.h; sourceTree = "<group>"; };
		520340311ABAE146005D69F3 /* DIN-Bold.otf */ = {isa = PBXFileReference; lastKnownFileType = file; path = "DIN-Bold.otf"; sourceTree = "<group>"; };
		520340321ABAE146005D69F3 /* DIN-Medium.otf */ = {isa = PBXFileReference; lastKnownFileType = file; path = "DIN-Medium.otf"; sourceTree = "<group>"; };
		520340331ABAE146005D69F3 /* DIN-Regular.otf */ = {isa = PBXFileReference; lastKnownFileType = file; path = "DIN-Regular.otf"; sourceTree = "<group>"; };
		52EEB9D11AB2E746004D732A /* iosTemplate.app */ = {isa = PBXFileReference; explicitFileType = wrapper.application; includeInIndex = 0; path = iosTemplate.app; sourceTree = BUILT_PRODUCTS_DIR; };
		52EEB9D51AB2E746004D732A /* Info.plist */ = {isa = PBXFileReference; lastKnownFileType = text.plist.xml; path = Info.plist; sourceTree = "<group>"; };
		52EEB9D61AB2E746004D732A /* main.m */ = {isa = PBXFileReference; lastKnownFileType = sourcecode.c.objc; path = main.m; sourceTree = "<group>"; };
		52EEB9D81AB2E746004D732A /* AppDelegate.h */ = {isa = PBXFileReference; lastKnownFileType = sourcecode.c.h; path = AppDelegate.h; sourceTree = "<group>"; };
		52EEB9D91AB2E746004D732A /* AppDelegate.m */ = {isa = PBXFileReference; lastKnownFileType = sourcecode.c.objc; path = AppDelegate.m; sourceTree = "<group>"; };
		52EEB9E11AB2E746004D732A /* Images.xcassets */ = {isa = PBXFileReference; lastKnownFileType = folder.assetcatalog; path = Images.xcassets; sourceTree = "<group>"; };
		52EEB9EA1AB2E746004D732A /* iosTemplateTests.xctest */ = {isa = PBXFileReference; explicitFileType = wrapper.cfbundle; includeInIndex = 0; path = iosTemplateTests.xctest; sourceTree = BUILT_PRODUCTS_DIR; };
		52EEB9EF1AB2E746004D732A /* Info.plist */ = {isa = PBXFileReference; lastKnownFileType = text.plist.xml; path = Info.plist; sourceTree = "<group>"; };
		52EEB9F01AB2E746004D732A /* iosTemplateTests.m */ = {isa = PBXFileReference; lastKnownFileType = sourcecode.c.objc; path = iosTemplateTests.m; sourceTree = "<group>"; };
		86B151EBCA654033AC3D1637 /* Pods.release.xcconfig */ = {isa = PBXFileReference; includeInIndex = 1; lastKnownFileType = text.xcconfig; name = Pods.release.xcconfig; path = "Pods/Target Support Files/Pods/Pods.release.xcconfig"; sourceTree = "<group>"; };
		88AD4546D9C86401B348891C /* Pods.debug.xcconfig */ = {isa = PBXFileReference; includeInIndex = 1; lastKnownFileType = text.xcconfig; name = Pods.debug.xcconfig; path = "Pods/Target Support Files/Pods/Pods.debug.xcconfig"; sourceTree = "<group>"; };
/* End PBXFileReference section */

/* Begin PBXFrameworksBuildPhase section */
		52EEB9CE1AB2E746004D732A /* Frameworks */ = {
			isa = PBXFrameworksBuildPhase;
			buildActionMask = 2147483647;
			files = (
				7B13FC7E27A029083B8CE9D6 /* libPods.a in Frameworks */,
			);
			runOnlyForDeploymentPostprocessing = 0;
		};
		52EEB9E71AB2E746004D732A /* Frameworks */ = {
			isa = PBXFrameworksBuildPhase;
			buildActionMask = 2147483647;
			files = (
			);
			runOnlyForDeploymentPostprocessing = 0;
		};
/* End PBXFrameworksBuildPhase section */

/* Begin PBXGroup section */
		2D07B4F01BDC9DF900938BF7 /* VerticalTableViewCell */ = {
			isa = PBXGroup;
			children = (
				2D07B4F91BDCA3B100938BF7 /* VerticalTableViewCell.h */,
				2D07B4F81BDCA3B100938BF7 /* VerticalTableViewCell.m */,
			);
			name = VerticalTableViewCell;
			sourceTree = "<group>";
		};
		2D07B4F41BDCA22600938BF7 /* VerticalTableViewController */ = {
			isa = PBXGroup;
			children = (
				2D07B4FB1BDCA3DA00938BF7 /* VerticalTableViewController.h */,
				2D07B4FC1BDCA3DA00938BF7 /* VerticalTableViewController.m */,
			);
			name = VerticalTableViewController;
			sourceTree = "<group>";
		};
		2D07B4FE1BDCAC0600938BF7 /* CollectionTableViewCell */ = {
			isa = PBXGroup;
			children = (
				2D07B4FF1BDCACE200938BF7 /* CollectionTableViewCell.h */,
				2D07B5001BDCACE200938BF7 /* CollectionTableViewCell.m */,
			);
			name = CollectionTableViewCell;
			sourceTree = "<group>";
		};
		2D07B5021BDCAE9400938BF7 /* CollectionTableViewCellController */ = {
			isa = PBXGroup;
			children = (
				2D07B5061BDCAF1200938BF7 /* CollectionTableViewCellController.h */,
				2D07B5071BDCAF1200938BF7 /* CollectionTableViewCellController.m */,
			);
			name = CollectionTableViewCellController;
			sourceTree = "<group>";
		};
		2D07B5091BDCB35B00938BF7 /* HorizontalCollectionViewCell */ = {
			isa = PBXGroup;
			children = (
				2D07B50A1BDCB3A200938BF7 /* HorizontalCollectionViewCell.h */,
				2D07B50B1BDCB3A200938BF7 /* HorizontalCollectionViewCell.m */,
			);
			name = HorizontalCollectionViewCell;
			sourceTree = "<group>";
		};
		2D07B50D1BDCD52500938BF7 /* PostModel */ = {
			isa = PBXGroup;
			children = (
				2D07B5111BDCD5E100938BF7 /* PostModel.h */,
				2D07B5121BDCD5E100938BF7 /* PostModel.m */,
			);
			name = PostModel;
			sourceTree = "<group>";
		};
		2D07B5141BDCD70300938BF7 /* Assets */ = {
			isa = PBXGroup;
			children = (
				2D07B5321BDCE5C700938BF7 /* verticalImage0@2x.png */,
				2D07B5331BDCE5C700938BF7 /* verticalImage1@2x.png */,
				2D07B5341BDCE5C700938BF7 /* verticalImage2@2x.png */,
				2D07B5351BDCE5C700938BF7 /* verticalImage3@2x.png */,
				2D07B5361BDCE5C700938BF7 /* verticalImage4@2x.png */,
				2D07B5371BDCE5C700938BF7 /* verticalImage5@2x.png */,
				2D07B5151BDCD70300938BF7 /* horzontalImage0@2x.png */,
				2D07B5161BDCD70300938BF7 /* horzontalImage1@2x.png */,
				2D07B5171BDCD70300938BF7 /* horzontalImage2@2x.png */,
				2D07B5181BDCD70300938BF7 /* horzontalImage3@2x.png */,
				2D07B5191BDCD70300938BF7 /* horzontalImage4@2x.png */,
				2D07B51A1BDCD70300938BF7 /* horzontalImage5@2x.png */,
			);
			path = Assets;
			sourceTree = "<group>";
		};
		2D07B5211BDCD74D00938BF7 /* ResponseModel */ = {
			isa = PBXGroup;
			children = (
				2D07B5231BDCD78800938BF7 /* ResponseModel.h */,
				2D07B5241BDCD78800938BF7 /* ResponseModel.m */,
			);
			name = ResponseModel;
			sourceTree = "<group>";
		};
		2DB428501BDA804800C8F507 /* BaseView */ = {
			isa = PBXGroup;
			children = (
				2DB428511BDA807200C8F507 /* BaseView.h */,
				2DB428521BDA807200C8F507 /* BaseView.m */,
			);
			name = BaseView;
			sourceTree = "<group>";
		};
		2DB428571BDA838900C8F507 /* GeneralView */ = {
			isa = PBXGroup;
			children = (
				2DB428581BDA83B700C8F507 /* GeneralView.h */,
				2DB428591BDA83B700C8F507 /* GeneralView.m */,
			);
			name = GeneralView;
			sourceTree = "<group>";
		};
		2DB4285B1BDA88A900C8F507 /* TabBarView */ = {
			isa = PBXGroup;
			children = (
				2DB4285C1BDA88DF00C8F507 /* TabBarView.h */,
				2DB4285D1BDA88DF00C8F507 /* TabBarView.m */,
			);
			name = TabBarView;
			sourceTree = "<group>";
		};
		2DB428601BDA933F00C8F507 /* TabBarViewController */ = {
			isa = PBXGroup;
			children = (
				2DB428611BDA93D700C8F507 /* TabBarViewController.h */,
				2DB428621BDA93D700C8F507 /* TabBarViewController.m */,
			);
			name = TabBarViewController;
			sourceTree = "<group>";
		};
		520340251ABAD799005D69F3 /* SplashScreens */ = {
			isa = PBXGroup;
			children = (
				520340261ABAD799005D69F3 /* Default-568h@2x.png */,
				520340271ABAD799005D69F3 /* Default.png */,
				520340281ABAD799005D69F3 /* Default@2x.png */,
			);
			path = SplashScreens;
			sourceTree = "<group>";
		};
		520340301ABADF8B005D69F3 /* Fonts */ = {
			isa = PBXGroup;
			children = (
				520340311ABAE146005D69F3 /* DIN-Bold.otf */,
				520340321ABAE146005D69F3 /* DIN-Medium.otf */,
				520340331ABAE146005D69F3 /* DIN-Regular.otf */,
			);
			path = Fonts;
			sourceTree = "<group>";
		};
		52EEB9C81AB2E746004D732A = {
			isa = PBXGroup;
			children = (
				52EEB9D31AB2E746004D732A /* iosTemplate */,
				52EEB9ED1AB2E746004D732A /* iosTemplateTests */,
				52EEB9D21AB2E746004D732A /* Products */,
				6ED44C7159D90C8CE76C9B5A /* Pods */,
				62DCA80221C42BFBD4B3B2D1 /* Frameworks */,
			);
			sourceTree = "<group>";
		};
		52EEB9D21AB2E746004D732A /* Products */ = {
			isa = PBXGroup;
			children = (
				52EEB9D11AB2E746004D732A /* iosTemplate.app */,
				52EEB9EA1AB2E746004D732A /* iosTemplateTests.xctest */,
			);
			name = Products;
			sourceTree = "<group>";
		};
		52EEB9D31AB2E746004D732A /* iosTemplate */ = {
			isa = PBXGroup;
			children = (
				2D07B5141BDCD70300938BF7 /* Assets */,
				520340241ABAD526005D69F3 /* PrefixHeader.pch */,
				5203402D1ABADB24005D69F3 /* StyleConstant.h */,
				52EEB9D81AB2E746004D732A /* AppDelegate.h */,
				52EEB9D91AB2E746004D732A /* AppDelegate.m */,
				2DB428501BDA804800C8F507 /* BaseView */,
				2D07B4FE1BDCAC0600938BF7 /* CollectionTableViewCell */,
				2D07B5021BDCAE9400938BF7 /* CollectionTableViewCellController */,
				2DB428571BDA838900C8F507 /* GeneralView */,
				52EEB9FA1AB2E779004D732A /* GeneralViewController */,
				2D07B5091BDCB35B00938BF7 /* HorizontalCollectionViewCell */,
				2D07B50D1BDCD52500938BF7 /* PostModel */,
				2D07B5211BDCD74D00938BF7 /* ResponseModel */,
				2DB4285B1BDA88A900C8F507 /* TabBarView */,
				2DB428601BDA933F00C8F507 /* TabBarViewController */,
				2D07B4F01BDC9DF900938BF7 /* VerticalTableViewCell */,
				2D07B4F41BDCA22600938BF7 /* VerticalTableViewController */,
				52EEB9E11AB2E746004D732A /* Images.xcassets */,
				52EEB9D41AB2E746004D732A /* Supporting Files */,
			);
			path = iosTemplate;
			sourceTree = "<group>";
		};
		52EEB9D41AB2E746004D732A /* Supporting Files */ = {
			isa = PBXGroup;
			children = (
				520340301ABADF8B005D69F3 /* Fonts */,
				520340251ABAD799005D69F3 /* SplashScreens */,
				52EEB9D51AB2E746004D732A /* Info.plist */,
				52EEB9D61AB2E746004D732A /* main.m */,
			);
			name = "Supporting Files";
			sourceTree = "<group>";
		};
		52EEB9ED1AB2E746004D732A /* iosTemplateTests */ = {
			isa = PBXGroup;
			children = (
				52EEB9F01AB2E746004D732A /* iosTemplateTests.m */,
				52EEB9EE1AB2E746004D732A /* Supporting Files */,
			);
			path = iosTemplateTests;
			sourceTree = "<group>";
		};
		52EEB9EE1AB2E746004D732A /* Supporting Files */ = {
			isa = PBXGroup;
			children = (
				52EEB9EF1AB2E746004D732A /* Info.plist */,
			);
			name = "Supporting Files";
			sourceTree = "<group>";
		};
		52EEB9FA1AB2E779004D732A /* GeneralViewController */ = {
			isa = PBXGroup;
			children = (
				2DB428551BDA835C00C8F507 /* GeneralViewController.h */,
				2DB428541BDA835C00C8F507 /* GeneralViewController.m */,
			);
			name = GeneralViewController;
			sourceTree = "<group>";
		};
		62DCA80221C42BFBD4B3B2D1 /* Frameworks */ = {
			isa = PBXGroup;
			children = (
				1904E761E455067EC2670D9F /* libPods.a */,
			);
			name = Frameworks;
			sourceTree = "<group>";
		};
		6ED44C7159D90C8CE76C9B5A /* Pods */ = {
			isa = PBXGroup;
			children = (
				88AD4546D9C86401B348891C /* Pods.debug.xcconfig */,
				86B151EBCA654033AC3D1637 /* Pods.release.xcconfig */,
			);
			name = Pods;
			sourceTree = "<group>";
		};
/* End PBXGroup section */

/* Begin PBXNativeTarget section */
		52EEB9D01AB2E746004D732A /* iosTemplate */ = {
			isa = PBXNativeTarget;
			buildConfigurationList = 52EEB9F41AB2E746004D732A /* Build configuration list for PBXNativeTarget "iosTemplate" */;
			buildPhases = (
				F6264485F0674E63D07D460A /* Check Pods Manifest.lock */,
				52EEB9CD1AB2E746004D732A /* Sources */,
				52EEB9CE1AB2E746004D732A /* Frameworks */,
				52EEB9CF1AB2E746004D732A /* Resources */,
				B0FAAA5E44C2946C00B2C383 /* Copy Pods Resources */,
			);
			buildRules = (
			);
			dependencies = (
			);
			name = iosTemplate;
			productName = iosTemplate;
			productReference = 52EEB9D11AB2E746004D732A /* iosTemplate.app */;
			productType = "com.apple.product-type.application";
		};
		52EEB9E91AB2E746004D732A /* iosTemplateTests */ = {
			isa = PBXNativeTarget;
			buildConfigurationList = 52EEB9F71AB2E746004D732A /* Build configuration list for PBXNativeTarget "iosTemplateTests" */;
			buildPhases = (
				52EEB9E61AB2E746004D732A /* Sources */,
				52EEB9E71AB2E746004D732A /* Frameworks */,
				52EEB9E81AB2E746004D732A /* Resources */,
			);
			buildRules = (
			);
			dependencies = (
				52EEB9EC1AB2E746004D732A /* PBXTargetDependency */,
			);
			name = iosTemplateTests;
			productName = iosTemplateTests;
			productReference = 52EEB9EA1AB2E746004D732A /* iosTemplateTests.xctest */;
			productType = "com.apple.product-type.bundle.unit-test";
		};
/* End PBXNativeTarget section */

/* Begin PBXProject section */
		52EEB9C91AB2E746004D732A /* Project object */ = {
			isa = PBXProject;
			attributes = {
				LastUpgradeCheck = 0610;
				ORGANIZATIONNAME = "Derek Cheung";
				TargetAttributes = {
					52EEB9D01AB2E746004D732A = {
						CreatedOnToolsVersion = 6.1.1;
						DevelopmentTeam = 948W38T38P;
					};
					52EEB9E91AB2E746004D732A = {
						CreatedOnToolsVersion = 6.1.1;
						TestTargetID = 52EEB9D01AB2E746004D732A;
					};
				};
			};
			buildConfigurationList = 52EEB9CC1AB2E746004D732A /* Build configuration list for PBXProject "iosTemplate" */;
			compatibilityVersion = "Xcode 3.2";
			developmentRegion = English;
			hasScannedForEncodings = 0;
			knownRegions = (
				en,
				Base,
			);
			mainGroup = 52EEB9C81AB2E746004D732A;
			productRefGroup = 52EEB9D21AB2E746004D732A /* Products */;
			projectDirPath = "";
			projectRoot = "";
			targets = (
				52EEB9D01AB2E746004D732A /* iosTemplate */,
				52EEB9E91AB2E746004D732A /* iosTemplateTests */,
			);
		};
/* End PBXProject section */

/* Begin PBXResourcesBuildPhase section */
		52EEB9CF1AB2E746004D732A /* Resources */ = {
			isa = PBXResourcesBuildPhase;
			buildActionMask = 2147483647;
			files = (
				520340361ABAE146005D69F3 /* DIN-Regular.otf in Resources */,
				2D07B53A1BDCE5C700938BF7 /* verticalImage2@2x.png in Resources */,
				2D07B53B1BDCE5C700938BF7 /* verticalImage3@2x.png in Resources */,
				5203402B1ABAD799005D69F3 /* Default@2x.png in Resources */,
				2D07B53D1BDCE5C700938BF7 /* verticalImage5@2x.png in Resources */,
				2D07B51E1BDCD70300938BF7 /* horzontalImage3@2x.png in Resources */,
				520340291ABAD799005D69F3 /* Default-568h@2x.png in Resources */,
				520340341ABAE146005D69F3 /* DIN-Bold.otf in Resources */,
				2D07B51C1BDCD70300938BF7 /* horzontalImage1@2x.png in Resources */,
				2D07B51D1BDCD70300938BF7 /* horzontalImage2@2x.png in Resources */,
				2D07B5381BDCE5C700938BF7 /* verticalImage0@2x.png in Resources */,
				52EEB9E21AB2E746004D732A /* Images.xcassets in Resources */,
				520340351ABAE146005D69F3 /* DIN-Medium.otf in Resources */,
				5203402A1ABAD799005D69F3 /* Default.png in Resources */,
				2D07B51B1BDCD70300938BF7 /* horzontalImage0@2x.png in Resources */,
				2D07B51F1BDCD70300938BF7 /* horzontalImage4@2x.png in Resources */,
				2D07B53C1BDCE5C700938BF7 /* verticalImage4@2x.png in Resources */,
				2D07B5391BDCE5C700938BF7 /* verticalImage1@2x.png in Resources */,
				2D07B5201BDCD70300938BF7 /* horzontalImage5@2x.png in Resources */,
			);
			runOnlyForDeploymentPostprocessing = 0;
		};
		52EEB9E81AB2E746004D732A /* Resources */ = {
			isa = PBXResourcesBuildPhase;
			buildActionMask = 2147483647;
			files = (
			);
			runOnlyForDeploymentPostprocessing = 0;
		};
/* End PBXResourcesBuildPhase section */

/* Begin PBXShellScriptBuildPhase section */
		B0FAAA5E44C2946C00B2C383 /* Copy Pods Resources */ = {
			isa = PBXShellScriptBuildPhase;
			buildActionMask = 2147483647;
			files = (
			);
			inputPaths = (
			);
			name = "Copy Pods Resources";
			outputPaths = (
			);
			runOnlyForDeploymentPostprocessing = 0;
			shellPath = /bin/sh;
			shellScript = "\"${SRCROOT}/Pods/Target Support Files/Pods/Pods-resources.sh\"\n";
			showEnvVarsInLog = 0;
		};
		F6264485F0674E63D07D460A /* Check Pods Manifest.lock */ = {
			isa = PBXShellScriptBuildPhase;
			buildActionMask = 2147483647;
			files = (
			);
			inputPaths = (
			);
			name = "Check Pods Manifest.lock";
			outputPaths = (
			);
			runOnlyForDeploymentPostprocessing = 0;
			shellPath = /bin/sh;
			shellScript = "diff \"${PODS_ROOT}/../Podfile.lock\" \"${PODS_ROOT}/Manifest.lock\" > /dev/null\nif [[ $? != 0 ]] ; then\n    cat << EOM\nerror: The sandbox is not in sync with the Podfile.lock. Run 'pod install' or update your CocoaPods installation.\nEOM\n    exit 1\nfi\n";
			showEnvVarsInLog = 0;
		};
/* End PBXShellScriptBuildPhase section */

/* Begin PBXSourcesBuildPhase section */
		52EEB9CD1AB2E746004D732A /* Sources */ = {
			isa = PBXSourcesBuildPhase;
			buildActionMask = 2147483647;
			files = (
				2D07B5251BDCD78800938BF7 /* ResponseModel.m in Sources */,
				2DB4285E1BDA88DF00C8F507 /* TabBarView.m in Sources */,
				52EEB9DA1AB2E746004D732A /* AppDelegate.m in Sources */,
				2D07B5081BDCAF1200938BF7 /* CollectionTableViewCellController.m in Sources */,
				2DB428631BDA93D700C8F507 /* TabBarViewController.m in Sources */,
				2D07B5131BDCD5E100938BF7 /* PostModel.m in Sources */,
				52EEB9D71AB2E746004D732A /* main.m in Sources */,
				2DB428531BDA807200C8F507 /* BaseView.m in Sources */,
				2D07B50C1BDCB3A200938BF7 /* HorizontalCollectionViewCell.m in Sources */,
				2D07B5011BDCACE200938BF7 /* CollectionTableViewCell.m in Sources */,
				2D07B4FD1BDCA3DA00938BF7 /* VerticalTableViewController.m in Sources */,
				2DB4285A1BDA83B700C8F507 /* GeneralView.m in Sources */,
				2DB428561BDA835C00C8F507 /* GeneralViewController.m in Sources */,
				2D07B4FA1BDCA3B100938BF7 /* VerticalTableViewCell.m in Sources */,
			);
			runOnlyForDeploymentPostprocessing = 0;
		};
		52EEB9E61AB2E746004D732A /* Sources */ = {
			isa = PBXSourcesBuildPhase;
			buildActionMask = 2147483647;
			files = (
				52EEB9F11AB2E746004D732A /* iosTemplateTests.m in Sources */,
			);
			runOnlyForDeploymentPostprocessing = 0;
		};
/* End PBXSourcesBuildPhase section */

/* Begin PBXTargetDependency section */
		52EEB9EC1AB2E746004D732A /* PBXTargetDependency */ = {
			isa = PBXTargetDependency;
			target = 52EEB9D01AB2E746004D732A /* iosTemplate */;
			targetProxy = 52EEB9EB1AB2E746004D732A /* PBXContainerItemProxy */;
		};
/* End PBXTargetDependency section */

/* Begin XCBuildConfiguration section */
		52EEB9F21AB2E746004D732A /* Debug */ = {
			isa = XCBuildConfiguration;
			buildSettings = {
				ALWAYS_SEARCH_USER_PATHS = NO;
				CLANG_CXX_LANGUAGE_STANDARD = "gnu++0x";
				CLANG_CXX_LIBRARY = "libc++";
				CLANG_ENABLE_MODULES = YES;
				CLANG_ENABLE_OBJC_ARC = YES;
				CLANG_WARN_BOOL_CONVERSION = YES;
				CLANG_WARN_CONSTANT_CONVERSION = YES;
				CLANG_WARN_DIRECT_OBJC_ISA_USAGE = YES_ERROR;
				CLANG_WARN_EMPTY_BODY = YES;
				CLANG_WARN_ENUM_CONVERSION = YES;
				CLANG_WARN_INT_CONVERSION = YES;
				CLANG_WARN_OBJC_ROOT_CLASS = YES_ERROR;
				CLANG_WARN_UNREACHABLE_CODE = YES;
				CLANG_WARN__DUPLICATE_METHOD_MATCH = YES;
				"CODE_SIGN_IDENTITY[sdk=iphoneos*]" = "iPhone Developer";
				COPY_PHASE_STRIP = NO;
				ENABLE_STRICT_OBJC_MSGSEND = YES;
				GCC_C_LANGUAGE_STANDARD = gnu99;
				GCC_DYNAMIC_NO_PIC = NO;
				GCC_OPTIMIZATION_LEVEL = 0;
				GCC_PREPROCESSOR_DEFINITIONS = (
					"DEBUG=1",
					"$(inherited)",
				);
				GCC_SYMBOLS_PRIVATE_EXTERN = NO;
				GCC_WARN_64_TO_32_BIT_CONVERSION = YES;
				GCC_WARN_ABOUT_RETURN_TYPE = YES_ERROR;
				GCC_WARN_UNDECLARED_SELECTOR = YES;
				GCC_WARN_UNINITIALIZED_AUTOS = YES_AGGRESSIVE;
				GCC_WARN_UNUSED_FUNCTION = YES;
				GCC_WARN_UNUSED_VARIABLE = YES;
				IPHONEOS_DEPLOYMENT_TARGET = 8.1;
				MTL_ENABLE_DEBUG_INFO = YES;
				ONLY_ACTIVE_ARCH = YES;
				SDKROOT = iphoneos;
			};
			name = Debug;
		};
		52EEB9F31AB2E746004D732A /* Release */ = {
			isa = XCBuildConfiguration;
			buildSettings = {
				ALWAYS_SEARCH_USER_PATHS = NO;
				CLANG_CXX_LANGUAGE_STANDARD = "gnu++0x";
				CLANG_CXX_LIBRARY = "libc++";
				CLANG_ENABLE_MODULES = YES;
				CLANG_ENABLE_OBJC_ARC = YES;
				CLANG_WARN_BOOL_CONVERSION = YES;
				CLANG_WARN_CONSTANT_CONVERSION = YES;
				CLANG_WARN_DIRECT_OBJC_ISA_USAGE = YES_ERROR;
				CLANG_WARN_EMPTY_BODY = YES;
				CLANG_WARN_ENUM_CONVERSION = YES;
				CLANG_WARN_INT_CONVERSION = YES;
				CLANG_WARN_OBJC_ROOT_CLASS = YES_ERROR;
				CLANG_WARN_UNREACHABLE_CODE = YES;
				CLANG_WARN__DUPLICATE_METHOD_MATCH = YES;
				"CODE_SIGN_IDENTITY[sdk=iphoneos*]" = "iPhone Developer";
				COPY_PHASE_STRIP = YES;
				ENABLE_NS_ASSERTIONS = NO;
				ENABLE_STRICT_OBJC_MSGSEND = YES;
				GCC_C_LANGUAGE_STANDARD = gnu99;
				GCC_WARN_64_TO_32_BIT_CONVERSION = YES;
				GCC_WARN_ABOUT_RETURN_TYPE = YES_ERROR;
				GCC_WARN_UNDECLARED_SELECTOR = YES;
				GCC_WARN_UNINITIALIZED_AUTOS = YES_AGGRESSIVE;
				GCC_WARN_UNUSED_FUNCTION = YES;
				GCC_WARN_UNUSED_VARIABLE = YES;
				IPHONEOS_DEPLOYMENT_TARGET = 8.1;
				MTL_ENABLE_DEBUG_INFO = NO;
				SDKROOT = iphoneos;
				VALIDATE_PRODUCT = YES;
			};
			name = Release;
		};
		52EEB9F51AB2E746004D732A /* Debug */ = {
			isa = XCBuildConfiguration;
			baseConfigurationReference = 88AD4546D9C86401B348891C /* Pods.debug.xcconfig */;
			buildSettings = {
				ASSETCATALOG_COMPILER_APPICON_NAME = AppIcon;
				CODE_SIGN_IDENTITY = "iPhone Developer";
				GCC_PRECOMPILE_PREFIX_HEADER = YES;
				GCC_PREFIX_HEADER = "$(SRCROOT)/$(PROJECT_NAME)/PrefixHeader.pch";
				INFOPLIST_FILE = iosTemplate/Info.plist;
				IPHONEOS_DEPLOYMENT_TARGET = 7.0;
				LD_RUNPATH_SEARCH_PATHS = "$(inherited) @executable_path/Frameworks";
				PRODUCT_NAME = "$(TARGET_NAME)";
				TARGETED_DEVICE_FAMILY = 1;
			};
			name = Debug;
		};
		52EEB9F61AB2E746004D732A /* Release */ = {
			isa = XCBuildConfiguration;
			baseConfigurationReference = 86B151EBCA654033AC3D1637 /* Pods.release.xcconfig */;
			buildSettings = {
				ASSETCATALOG_COMPILER_APPICON_NAME = AppIcon;
				CODE_SIGN_IDENTITY = "iPhone Developer";
				GCC_PRECOMPILE_PREFIX_HEADER = YES;
				GCC_PREFIX_HEADER = "$(SRCROOT)/$(PROJECT_NAME)/PrefixHeader.pch";
				INFOPLIST_FILE = iosTemplate/Info.plist;
				IPHONEOS_DEPLOYMENT_TARGET = 7.0;
				LD_RUNPATH_SEARCH_PATHS = "$(inherited) @executable_path/Frameworks";
				PRODUCT_NAME = "$(TARGET_NAME)";
				TARGETED_DEVICE_FAMILY = 1;
			};
			name = Release;
		};
		52EEB9F81AB2E746004D732A /* Debug */ = {
			isa = XCBuildConfiguration;
			buildSettings = {
				BUNDLE_LOADER = "$(TEST_HOST)";
				FRAMEWORK_SEARCH_PATHS = (
					"$(SDKROOT)/Developer/Library/Frameworks",
					"$(inherited)",
				);
				GCC_PREPROCESSOR_DEFINITIONS = (
					"DEBUG=1",
					"$(inherited)",
				);
				INFOPLIST_FILE = iosTemplateTests/Info.plist;
				LD_RUNPATH_SEARCH_PATHS = "$(inherited) @executable_path/Frameworks @loader_path/Frameworks";
				PRODUCT_NAME = "$(TARGET_NAME)";
				TEST_HOST = "$(BUILT_PRODUCTS_DIR)/iosTemplate.app/iosTemplate";
			};
			name = Debug;
		};
		52EEB9F91AB2E746004D732A /* Release */ = {
			isa = XCBuildConfiguration;
			buildSettings = {
				BUNDLE_LOADER = "$(TEST_HOST)";
				FRAMEWORK_SEARCH_PATHS = (
					"$(SDKROOT)/Developer/Library/Frameworks",
					"$(inherited)",
				);
				INFOPLIST_FILE = iosTemplateTests/Info.plist;
				LD_RUNPATH_SEARCH_PATHS = "$(inherited) @executable_path/Frameworks @loader_path/Frameworks";
				PRODUCT_NAME = "$(TARGET_NAME)";
				TEST_HOST = "$(BUILT_PRODUCTS_DIR)/iosTemplate.app/iosTemplate";
			};
			name = Release;
		};
/* End XCBuildConfiguration section */

/* Begin XCConfigurationList section */
		52EEB9CC1AB2E746004D732A /* Build configuration list for PBXProject "iosTemplate" */ = {
			isa = XCConfigurationList;
			buildConfigurations = (
				52EEB9F21AB2E746004D732A /* Debug */,
				52EEB9F31AB2E746004D732A /* Release */,
			);
			defaultConfigurationIsVisible = 0;
			defaultConfigurationName = Release;
		};
		52EEB9F41AB2E746004D732A /* Build configuration list for PBXNativeTarget "iosTemplate" */ = {
			isa = XCConfigurationList;
			buildConfigurations = (
				52EEB9F51AB2E746004D732A /* Debug */,
				52EEB9F61AB2E746004D732A /* Release */,
			);
			defaultConfigurationIsVisible = 0;
			defaultConfigurationName = Release;
		};
		52EEB9F71AB2E746004D732A /* Build configuration list for PBXNativeTarget "iosTemplateTests" */ = {
			isa = XCConfigurationList;
			buildConfigurations = (
				52EEB9F81AB2E746004D732A /* Debug */,
				52EEB9F91AB2E746004D732A /* Release */,
			);
			defaultConfigurationIsVisible = 0;
			defaultConfigurationName = Release;
		};
/* End XCConfigurationList section */
	};
	rootObject = 52EEB9C91AB2E746004D732A /* Project object */;
}
